
Microsoft Visual Studio Solution File, Format Version 12.00
# Visual Studio Version 16
VisualStudioVersion = 16.0.29503.13
MinimumVisualStudioVersion = 10.0.40219.1
Project("{FAE04EC0-301F-11D3-BF4B-00C04F79EFBC}") = "Fitness1stMVCWeb", "Fitness1stMVCWeb\Fitness1stMVCWeb.csproj", "{9DAEF01F-C353-400E-860A-C469DB50DFF9}"
EndProject
Global
	GlobalSection(SolutionConfigurationPlatforms) = preSolution
		Debug|Any CPU = Debug|Any CPU
		Release|Any CPU = Release|Any CPU
	EndGlobalSection
	GlobalSection(ProjectConfigurationPlatforms) = postSolution
		{9DAEF01F-C353-400E-860A-C469DB50DFF9}.Debug|Any CPU.ActiveCfg = Debug|Any CPU
		{9DAEF01F-C353-400E-860A-C469DB50DFF9}.Debug|Any CPU.Build.0 = Debug|Any CPU
		{9DAEF01F-C353-400E-860A-C469DB50DFF9}.Release|Any CPU.ActiveCfg = Release|Any CPU
		{9DAEF01F-C353-400E-860A-C469DB50DFF9}.Release|Any CPU.Build.0 = Release|Any CPU
	EndGlobalSection
	GlobalSection(SolutionProperties) = preSolution
		HideSolutionNode = FALSE
	EndGlobalSection
	GlobalSection(ExtensibilityGlobals) = postSolution
		SolutionGuid = {2C617D32-0054-4AB1-B9E1-C86E5DBD32E6}
	EndGlobalSection
EndGlobal
